
Microsoft Visual Studio Solution File, Format Version 12.00
# Visual Studio Version 17
VisualStudioVersion = 17.3.32929.385
MinimumVisualStudioVersion = 10.0.40219.1
Project("{9A19103F-16F7-4668-BE54-9A1E7A4F7556}") = "FSDOCS.Server", "Server\FSDOCS.Server.csproj", "{5F30FFB9-287F-4E19-AB06-F841E46D2D29}"
EndProject
Project("{9A19103F-16F7-4668-BE54-9A1E7A4F7556}") = "FSDOCS.Client", "Client\FSDOCS.Client.csproj", "{9286A201-791A-4157-BC35-4A6006C07D26}"
EndProject
Project("{9A19103F-16F7-4668-BE54-9A1E7A4F7556}") = "FSDOCS.Shared", "Shared\FSDOCS.Shared.csproj", "{AB15F038-22BF-497A-BBDD-3C3C896AFDFD}"
EndProject
Global
	GlobalSection(SolutionConfigurationPlatforms) = preSolution
		Debug|Any CPU = Debug|Any CPU
		Release|Any CPU = Release|Any CPU
	EndGlobalSection
	GlobalSection(ProjectConfigurationPlatforms) = postSolution
		{5F30FFB9-287F-4E19-AB06-F841E46D2D29}.Debug|Any CPU.ActiveCfg = Debug|Any CPU
		{5F30FFB9-287F-4E19-AB06-F841E46D2D29}.Debug|Any CPU.Build.0 = Debug|Any CPU
		{5F30FFB9-287F-4E19-AB06-F841E46D2D29}.Release|Any CPU.ActiveCfg = Release|Any CPU
		{5F30FFB9-287F-4E19-AB06-F841E46D2D29}.Release|Any CPU.Build.0 = Release|Any CPU
		{9286A201-791A-4157-BC35-4A6006C07D26}.Debug|Any CPU.ActiveCfg = Debug|Any CPU
		{9286A201-791A-4157-BC35-4A6006C07D26}.Debug|Any CPU.Build.0 = Debug|Any CPU
		{9286A201-791A-4157-BC35-4A6006C07D26}.Release|Any CPU.ActiveCfg = Release|Any CPU
		{9286A201-791A-4157-BC35-4A6006C07D26}.Release|Any CPU.Build.0 = Release|Any CPU
		{AB15F038-22BF-497A-BBDD-3C3C896AFDFD}.Debug|Any CPU.ActiveCfg = Debug|Any CPU
		{AB15F038-22BF-497A-BBDD-3C3C896AFDFD}.Debug|Any CPU.Build.0 = Debug|Any CPU
		{AB15F038-22BF-497A-BBDD-3C3C896AFDFD}.Release|Any CPU.ActiveCfg = Release|Any CPU
		{AB15F038-22BF-497A-BBDD-3C3C896AFDFD}.Release|Any CPU.Build.0 = Release|Any CPU
	EndGlobalSection
	GlobalSection(SolutionProperties) = preSolution
		HideSolutionNode = FALSE
	EndGlobalSection
	GlobalSection(ExtensibilityGlobals) = postSolution
		SolutionGuid = {D8926377-21E4-46A9-B447-72F69CEAE816}
	EndGlobalSection
EndGlobal
